
Microsoft Visual Studio Solution File, Format Version 11.00
# Visual Studio 2010
Project("{FAE04EC0-301F-11D3-BF4B-00C04F79EFBC}") = "Totem", "Totem.csproj", "{363D9CDC-1886-44D0-9387-81DF65F172A2}"
EndProject
Global
	GlobalSection(SolutionConfigurationPlatforms) = preSolution
		Debug|Any CPU = Debug|Any CPU
		Release|Any CPU = Release|Any CPU
	EndGlobalSection
	GlobalSection(ProjectConfigurationPlatforms) = postSolution
		{363D9CDC-1886-44D0-9387-81DF65F172A2}.Debug|Any CPU.ActiveCfg = Debug|Any CPU
		{363D9CDC-1886-44D0-9387-81DF65F172A2}.Debug|Any CPU.Build.0 = Debug|Any CPU
		{363D9CDC-1886-44D0-9387-81DF65F172A2}.Release|Any CPU.ActiveCfg = Release|Any CPU
		{363D9CDC-1886-44D0-9387-81DF65F172A2}.Release|Any CPU.Build.0 = Release|Any CPU
	EndGlobalSection
	GlobalSection(MonoDevelopProperties) = preSolution
		Policies = $0
		$0.DotNetNamingPolicy = $1
		$1.DirectoryNamespaceAssociation = None
		$1.ResourceNamePolicy = FileFormatDefault
	EndGlobalSection
EndGlobal
